
Microsoft Visual Studio Solution File, Format Version 12.00
# Visual Studio Version 17
VisualStudioVersion = 17.5.33502.453
MinimumVisualStudioVersion = 10.0.40219.1
Project("{FAE04EC0-301F-11D3-BF4B-00C04F79EFBC}") = "WebAPIDefault", "WebAPIDefault.csproj", "{31E082DC-BC11-4274-AB9C-7834A48B2378}"
EndProject
Global
	GlobalSection(SolutionConfigurationPlatforms) = preSolution
		Debug|Any CPU = Debug|Any CPU
		Release|Any CPU = Release|Any CPU
	EndGlobalSection
	GlobalSection(ProjectConfigurationPlatforms) = postSolution
		{31E082DC-BC11-4274-AB9C-7834A48B2378}.Debug|Any CPU.ActiveCfg = Debug|Any CPU
		{31E082DC-BC11-4274-AB9C-7834A48B2378}.Debug|Any CPU.Build.0 = Debug|Any CPU
		{31E082DC-BC11-4274-AB9C-7834A48B2378}.Release|Any CPU.ActiveCfg = Release|Any CPU
		{31E082DC-BC11-4274-AB9C-7834A48B2378}.Release|Any CPU.Build.0 = Release|Any CPU
	EndGlobalSection
	GlobalSection(SolutionProperties) = preSolution
		HideSolutionNode = FALSE
	EndGlobalSection
	GlobalSection(ExtensibilityGlobals) = postSolution
		SolutionGuid = {0F11A723-9567-47CE-AA20-9EAC35D52876}
	EndGlobalSection
EndGlobal
